
Microsoft Visual Studio Solution File, Format Version 12.00
# Visual Studio 15
VisualStudioVersion = 15.0.28307.757
MinimumVisualStudioVersion = 10.0.40219.1
Project("{FAE04EC0-301F-11D3-BF4B-00C04F79EFBC}") = "Task00", "Task00\Task00.csproj", "{8C4CB571-040D-4731-A27A-DC18AF12E3A8}"
EndProject
Global
	GlobalSection(SolutionConfigurationPlatforms) = preSolution
		Debug|Any CPU = Debug|Any CPU
		Release|Any CPU = Release|Any CPU
	EndGlobalSection
	GlobalSection(ProjectConfigurationPlatforms) = postSolution
		{8C4CB571-040D-4731-A27A-DC18AF12E3A8}.Debug|Any CPU.ActiveCfg = Debug|Any CPU
		{8C4CB571-040D-4731-A27A-DC18AF12E3A8}.Debug|Any CPU.Build.0 = Debug|Any CPU
		{8C4CB571-040D-4731-A27A-DC18AF12E3A8}.Release|Any CPU.ActiveCfg = Release|Any CPU
		{8C4CB571-040D-4731-A27A-DC18AF12E3A8}.Release|Any CPU.Build.0 = Release|Any CPU
	EndGlobalSection
	GlobalSection(SolutionProperties) = preSolution
		HideSolutionNode = FALSE
	EndGlobalSection
	GlobalSection(ExtensibilityGlobals) = postSolution
		SolutionGuid = {102C62EA-8E78-45E9-9579-069407B9613F}
	EndGlobalSection
EndGlobal
